
Microsoft Visual Studio Solution File, Format Version 12.00
# Visual Studio Version 16
VisualStudioVersion = 16.0.29519.181
MinimumVisualStudioVersion = 10.0.40219.1
Project("{2150E333-8FDC-42A3-9474-1A3956D46DE8}") = "Build", "Build", "{515CA84E-FB48-4E54-8DFA-3EB2E948A7C7}"
EndProject
Project("{2150E333-8FDC-42A3-9474-1A3956D46DE8}") = "Props", "Props", "{C0019410-C602-4ABA-B970-6AE4A5128631}"
	ProjectSection(SolutionItems) = preProject
		..\build\props\common.props = ..\build\props\common.props
	EndProjectSection
EndProject
Project("{2150E333-8FDC-42A3-9474-1A3956D46DE8}") = "Documentation", "Documentation", "{B5D5734D-33CB-4941-9501-DC3B942D9C98}"
	ProjectSection(SolutionItems) = preProject
		..\license.md = ..\license.md
		..\notice.md = ..\notice.md
		..\readme.md = ..\readme.md
	EndProjectSection
EndProject
Project("{FAE04EC0-301F-11D3-BF4B-00C04F79EFBC}") = "Waves.Web.Configuration", "..\sources\Waves.Web.Configuration\Waves.Web.Configuration.csproj", "{C5DCF409-9F47-4C75-81E2-06AAC3158E09}"
EndProject
Project("{FAE04EC0-301F-11D3-BF4B-00C04F79EFBC}") = "Waves.Web.Identity", "..\sources\Waves.Web.Identity\Waves.Web.Identity.csproj", "{BF733ED6-4E5B-4B5F-AC7D-E2E3D9EBEB59}"
EndProject
Project("{FAE04EC0-301F-11D3-BF4B-00C04F79EFBC}") = "Waves.Web.Scheduling", "..\sources\Waves.Web.Scheduling\Waves.Web.Scheduling.csproj", "{8395E760-76E1-4CC5-A7C1-DC8A95BE1C84}"
EndProject
Global
	GlobalSection(SolutionConfigurationPlatforms) = preSolution
		Debug|Any CPU = Debug|Any CPU
		Debug|x64 = Debug|x64
		Debug|x86 = Debug|x86
		Release|Any CPU = Release|Any CPU
		Release|x64 = Release|x64
		Release|x86 = Release|x86
	EndGlobalSection
	GlobalSection(ProjectConfigurationPlatforms) = postSolution
		{C5DCF409-9F47-4C75-81E2-06AAC3158E09}.Debug|Any CPU.ActiveCfg = Debug|Any CPU
		{C5DCF409-9F47-4C75-81E2-06AAC3158E09}.Debug|Any CPU.Build.0 = Debug|Any CPU
		{C5DCF409-9F47-4C75-81E2-06AAC3158E09}.Debug|x64.ActiveCfg = Debug|Any CPU
		{C5DCF409-9F47-4C75-81E2-06AAC3158E09}.Debug|x64.Build.0 = Debug|Any CPU
		{C5DCF409-9F47-4C75-81E2-06AAC3158E09}.Debug|x86.ActiveCfg = Debug|Any CPU
		{C5DCF409-9F47-4C75-81E2-06AAC3158E09}.Debug|x86.Build.0 = Debug|Any CPU
		{C5DCF409-9F47-4C75-81E2-06AAC3158E09}.Release|Any CPU.ActiveCfg = Release|Any CPU
		{C5DCF409-9F47-4C75-81E2-06AAC3158E09}.Release|Any CPU.Build.0 = Release|Any CPU
		{C5DCF409-9F47-4C75-81E2-06AAC3158E09}.Release|x64.ActiveCfg = Release|Any CPU
		{C5DCF409-9F47-4C75-81E2-06AAC3158E09}.Release|x64.Build.0 = Release|Any CPU
		{C5DCF409-9F47-4C75-81E2-06AAC3158E09}.Release|x86.ActiveCfg = Release|Any CPU
		{C5DCF409-9F47-4C75-81E2-06AAC3158E09}.Release|x86.Build.0 = Release|Any CPU
		{BF733ED6-4E5B-4B5F-AC7D-E2E3D9EBEB59}.Debug|Any CPU.ActiveCfg = Debug|Any CPU
		{BF733ED6-4E5B-4B5F-AC7D-E2E3D9EBEB59}.Debug|Any CPU.Build.0 = Debug|Any CPU
		{BF733ED6-4E5B-4B5F-AC7D-E2E3D9EBEB59}.Debug|x64.ActiveCfg = Debug|Any CPU
		{BF733ED6-4E5B-4B5F-AC7D-E2E3D9EBEB59}.Debug|x64.Build.0 = Debug|Any CPU
		{BF733ED6-4E5B-4B5F-AC7D-E2E3D9EBEB59}.Debug|x86.ActiveCfg = Debug|Any CPU
		{BF733ED6-4E5B-4B5F-AC7D-E2E3D9EBEB59}.Debug|x86.Build.0 = Debug|Any CPU
		{BF733ED6-4E5B-4B5F-AC7D-E2E3D9EBEB59}.Release|Any CPU.ActiveCfg = Release|Any CPU
		{BF733ED6-4E5B-4B5F-AC7D-E2E3D9EBEB59}.Release|Any CPU.Build.0 = Release|Any CPU
		{BF733ED6-4E5B-4B5F-AC7D-E2E3D9EBEB59}.Release|x64.ActiveCfg = Release|Any CPU
		{BF733ED6-4E5B-4B5F-AC7D-E2E3D9EBEB59}.Release|x64.Build.0 = Release|Any CPU
		{BF733ED6-4E5B-4B5F-AC7D-E2E3D9EBEB59}.Release|x86.ActiveCfg = Release|Any CPU
		{BF733ED6-4E5B-4B5F-AC7D-E2E3D9EBEB59}.Release|x86.Build.0 = Release|Any CPU
		{8395E760-76E1-4CC5-A7C1-DC8A95BE1C84}.Debug|Any CPU.ActiveCfg = Debug|Any CPU
		{8395E760-76E1-4CC5-A7C1-DC8A95BE1C84}.Debug|Any CPU.Build.0 = Debug|Any CPU
		{8395E760-76E1-4CC5-A7C1-DC8A95BE1C84}.Debug|x64.ActiveCfg = Debug|Any CPU
		{8395E760-76E1-4CC5-A7C1-DC8A95BE1C84}.Debug|x64.Build.0 = Debug|Any CPU
		{8395E760-76E1-4CC5-A7C1-DC8A95BE1C84}.Debug|x86.ActiveCfg = Debug|Any CPU
		{8395E760-76E1-4CC5-A7C1-DC8A95BE1C84}.Debug|x86.Build.0 = Debug|Any CPU
		{8395E760-76E1-4CC5-A7C1-DC8A95BE1C84}.Release|Any CPU.ActiveCfg = Release|Any CPU
		{8395E760-76E1-4CC5-A7C1-DC8A95BE1C84}.Release|Any CPU.Build.0 = Release|Any CPU
		{8395E760-76E1-4CC5-A7C1-DC8A95BE1C84}.Release|x64.ActiveCfg = Release|Any CPU
		{8395E760-76E1-4CC5-A7C1-DC8A95BE1C84}.Release|x64.Build.0 = Release|Any CPU
		{8395E760-76E1-4CC5-A7C1-DC8A95BE1C84}.Release|x86.ActiveCfg = Release|Any CPU
		{8395E760-76E1-4CC5-A7C1-DC8A95BE1C84}.Release|x86.Build.0 = Release|Any CPU
	EndGlobalSection
	GlobalSection(SolutionProperties) = preSolution
		HideSolutionNode = FALSE
	EndGlobalSection
	GlobalSection(NestedProjects) = preSolution
		{C0019410-C602-4ABA-B970-6AE4A5128631} = {515CA84E-FB48-4E54-8DFA-3EB2E948A7C7}
	EndGlobalSection
	GlobalSection(ExtensibilityGlobals) = postSolution
		SolutionGuid = {1E8EE6A0-1037-49F2-8C63-D7650E3925B7}
	EndGlobalSection
EndGlobal
